
Microsoft Visual Studio Solution File, Format Version 12.00
# Visual Studio 15
VisualStudioVersion = 15.0.28010.2003
MinimumVisualStudioVersion = 10.0.40219.1
Project("{FAE04EC0-301F-11D3-BF4B-00C04F79EFBC}") = "APIExercise", "APIExercise\APIExercise.csproj", "{D1ABF6B8-57CF-4E26-91BC-5D7EB0E4410E}"
EndProject
Global
	GlobalSection(SolutionConfigurationPlatforms) = preSolution
		Debug|Any CPU = Debug|Any CPU
		Release|Any CPU = Release|Any CPU
	EndGlobalSection
	GlobalSection(ProjectConfigurationPlatforms) = postSolution
		{D1ABF6B8-57CF-4E26-91BC-5D7EB0E4410E}.Debug|Any CPU.ActiveCfg = Debug|Any CPU
		{D1ABF6B8-57CF-4E26-91BC-5D7EB0E4410E}.Debug|Any CPU.Build.0 = Debug|Any CPU
		{D1ABF6B8-57CF-4E26-91BC-5D7EB0E4410E}.Release|Any CPU.ActiveCfg = Release|Any CPU
		{D1ABF6B8-57CF-4E26-91BC-5D7EB0E4410E}.Release|Any CPU.Build.0 = Release|Any CPU
	EndGlobalSection
	GlobalSection(SolutionProperties) = preSolution
		HideSolutionNode = FALSE
	EndGlobalSection
	GlobalSection(ExtensibilityGlobals) = postSolution
		SolutionGuid = {54046E0D-954E-493F-8BA7-7598B70127AD}
	EndGlobalSection
EndGlobal
